
Microsoft Visual Studio Solution File, Format Version 11.00
# Visual Studio 2010
Project("{FAE04EC0-301F-11D3-BF4B-00C04F79EFBC}") = "DebuggerLab", "DebuggerLab.csproj", "{F77B4ED3-DCDD-4761-BA31-FA74E4257BDF}"
EndProject
Global
	GlobalSection(SolutionConfigurationPlatforms) = preSolution
		Debug|x86 = Debug|x86
		Release|x86 = Release|x86
	EndGlobalSection
	GlobalSection(ProjectConfigurationPlatforms) = postSolution
		{F77B4ED3-DCDD-4761-BA31-FA74E4257BDF}.Debug|x86.ActiveCfg = Debug|x86
		{F77B4ED3-DCDD-4761-BA31-FA74E4257BDF}.Debug|x86.Build.0 = Debug|x86
		{F77B4ED3-DCDD-4761-BA31-FA74E4257BDF}.Release|x86.ActiveCfg = Release|x86
		{F77B4ED3-DCDD-4761-BA31-FA74E4257BDF}.Release|x86.Build.0 = Release|x86
	EndGlobalSection
	GlobalSection(SolutionProperties) = preSolution
		HideSolutionNode = FALSE
	EndGlobalSection
EndGlobal
